
Microsoft Visual Studio Solution File, Format Version 12.00
# Visual Studio Version 17
VisualStudioVersion = 17.0.31903.59
MinimumVisualStudioVersion = 10.0.40219.1
Project("{FAE04EC0-301F-11D3-BF4B-00C04F79EFBC}") = "DemoMVCAuth", "DemoMVCAuth\DemoMVCAuth.csproj", "{AE88F630-488B-4F7F-81C0-BF30932EDFAB}"
EndProject
Project("{2150E333-8FDC-42A3-9474-1A3956D46DE8}") = "DemoMVCAuth.Tests", "DemoMVCAuth.Tests", "{E7ED9AAE-B2CD-4FD6-8B36-A0681FFDDB48}"
EndProject
Project("{FAE04EC0-301F-11D3-BF4B-00C04F79EFBC}") = "DemoMVCAuth.Tests.FrontEnd", "DemoMVCAuth.Tests\FrontEnd\DemoMVCAuth.Tests.FrontEnd.csproj", "{63F5C3D1-B3D8-4E36-9560-79D9D20A05DD}"
EndProject
Project("{FAE04EC0-301F-11D3-BF4B-00C04F79EFBC}") = "DemoMVCAuth.Tests.BackEnd", "DemoMVCAuth.Tests\BackEnd\DemoMVCAuth.Tests.BackEnd.csproj", "{6F67DF07-F32F-4D80-AC92-9B12451197E5}"
EndProject
Global
	GlobalSection(SolutionConfigurationPlatforms) = preSolution
		Debug|Any CPU = Debug|Any CPU
		Release|Any CPU = Release|Any CPU
	EndGlobalSection
	GlobalSection(SolutionProperties) = preSolution
		HideSolutionNode = FALSE
	EndGlobalSection
	GlobalSection(ProjectConfigurationPlatforms) = postSolution
		{AE88F630-488B-4F7F-81C0-BF30932EDFAB}.Debug|Any CPU.ActiveCfg = Debug|Any CPU
		{AE88F630-488B-4F7F-81C0-BF30932EDFAB}.Debug|Any CPU.Build.0 = Debug|Any CPU
		{AE88F630-488B-4F7F-81C0-BF30932EDFAB}.Release|Any CPU.ActiveCfg = Release|Any CPU
		{AE88F630-488B-4F7F-81C0-BF30932EDFAB}.Release|Any CPU.Build.0 = Release|Any CPU
		{63F5C3D1-B3D8-4E36-9560-79D9D20A05DD}.Debug|Any CPU.ActiveCfg = Debug|Any CPU
		{63F5C3D1-B3D8-4E36-9560-79D9D20A05DD}.Debug|Any CPU.Build.0 = Debug|Any CPU
		{63F5C3D1-B3D8-4E36-9560-79D9D20A05DD}.Release|Any CPU.ActiveCfg = Release|Any CPU
		{63F5C3D1-B3D8-4E36-9560-79D9D20A05DD}.Release|Any CPU.Build.0 = Release|Any CPU
		{6F67DF07-F32F-4D80-AC92-9B12451197E5}.Debug|Any CPU.ActiveCfg = Debug|Any CPU
		{6F67DF07-F32F-4D80-AC92-9B12451197E5}.Debug|Any CPU.Build.0 = Debug|Any CPU
		{6F67DF07-F32F-4D80-AC92-9B12451197E5}.Release|Any CPU.ActiveCfg = Release|Any CPU
		{6F67DF07-F32F-4D80-AC92-9B12451197E5}.Release|Any CPU.Build.0 = Release|Any CPU
	EndGlobalSection
	GlobalSection(NestedProjects) = preSolution
		{63F5C3D1-B3D8-4E36-9560-79D9D20A05DD} = {E7ED9AAE-B2CD-4FD6-8B36-A0681FFDDB48}
		{6F67DF07-F32F-4D80-AC92-9B12451197E5} = {E7ED9AAE-B2CD-4FD6-8B36-A0681FFDDB48}
	EndGlobalSection
EndGlobal
